
Microsoft Visual Studio Solution File, Format Version 12.00
# Visual Studio Version 17
VisualStudioVersion = 17.6.33815.320
MinimumVisualStudioVersion = 10.0.40219.1
Project("{FAE04EC0-301F-11D3-BF4B-00C04F79EFBC}") = "Command", "Command\Command.csproj", "{52C08DD7-5A94-4470-AD0E-A726C96C5FF6}"
EndProject
Project("{FAE04EC0-301F-11D3-BF4B-00C04F79EFBC}") = "Abstraccion", "Abstraccion\Abstraccion.csproj", "{B787C862-0C70-4530-B466-7FF0450384F2}"
EndProject
Project("{FAE04EC0-301F-11D3-BF4B-00C04F79EFBC}") = "BE", "BE\BE.csproj", "{5624C875-4750-4EDC-BD6E-8522F75A5F4F}"
EndProject
Project("{FAE04EC0-301F-11D3-BF4B-00C04F79EFBC}") = "BLL", "BLL\BLL.csproj", "{0F47DF48-FFDE-41AB-9073-9BAC551CBCFC}"
EndProject
Global
	GlobalSection(SolutionConfigurationPlatforms) = preSolution
		Debug|Any CPU = Debug|Any CPU
		Release|Any CPU = Release|Any CPU
	EndGlobalSection
	GlobalSection(ProjectConfigurationPlatforms) = postSolution
		{52C08DD7-5A94-4470-AD0E-A726C96C5FF6}.Debug|Any CPU.ActiveCfg = Debug|Any CPU
		{52C08DD7-5A94-4470-AD0E-A726C96C5FF6}.Debug|Any CPU.Build.0 = Debug|Any CPU
		{52C08DD7-5A94-4470-AD0E-A726C96C5FF6}.Release|Any CPU.ActiveCfg = Release|Any CPU
		{52C08DD7-5A94-4470-AD0E-A726C96C5FF6}.Release|Any CPU.Build.0 = Release|Any CPU
		{B787C862-0C70-4530-B466-7FF0450384F2}.Debug|Any CPU.ActiveCfg = Debug|Any CPU
		{B787C862-0C70-4530-B466-7FF0450384F2}.Debug|Any CPU.Build.0 = Debug|Any CPU
		{B787C862-0C70-4530-B466-7FF0450384F2}.Release|Any CPU.ActiveCfg = Release|Any CPU
		{B787C862-0C70-4530-B466-7FF0450384F2}.Release|Any CPU.Build.0 = Release|Any CPU
		{5624C875-4750-4EDC-BD6E-8522F75A5F4F}.Debug|Any CPU.ActiveCfg = Debug|Any CPU
		{5624C875-4750-4EDC-BD6E-8522F75A5F4F}.Debug|Any CPU.Build.0 = Debug|Any CPU
		{5624C875-4750-4EDC-BD6E-8522F75A5F4F}.Release|Any CPU.ActiveCfg = Release|Any CPU
		{5624C875-4750-4EDC-BD6E-8522F75A5F4F}.Release|Any CPU.Build.0 = Release|Any CPU
		{0F47DF48-FFDE-41AB-9073-9BAC551CBCFC}.Debug|Any CPU.ActiveCfg = Debug|Any CPU
		{0F47DF48-FFDE-41AB-9073-9BAC551CBCFC}.Debug|Any CPU.Build.0 = Debug|Any CPU
		{0F47DF48-FFDE-41AB-9073-9BAC551CBCFC}.Release|Any CPU.ActiveCfg = Release|Any CPU
		{0F47DF48-FFDE-41AB-9073-9BAC551CBCFC}.Release|Any CPU.Build.0 = Release|Any CPU
	EndGlobalSection
	GlobalSection(SolutionProperties) = preSolution
		HideSolutionNode = FALSE
	EndGlobalSection
	GlobalSection(ExtensibilityGlobals) = postSolution
		SolutionGuid = {F1A29FE5-C69C-442E-85FB-A211BAE64260}
	EndGlobalSection
EndGlobal
